
Microsoft Visual Studio Solution File, Format Version 12.00
# Visual Studio Version 17
VisualStudioVersion = 17.0.31912.275
MinimumVisualStudioVersion = 10.0.40219.1
Project("{9A19103F-16F7-4668-BE54-9A1E7A4F7556}") = "KNU.Crypto.RC4", "KNU.Crypto.RC4\KNU.Crypto.RC4.csproj", "{0AE286DA-9706-428F-931B-43A549BEB17C}"
EndProject
Project("{FAE04EC0-301F-11D3-BF4B-00C04F79EFBC}") = "KNU.Crypto.StreamCiphers", "KNU.Crypto.StreamCiphers\KNU.Crypto.StreamCiphers.csproj", "{0552CE5A-EF68-487A-891F-B7CE2F78D6F4}"
EndProject
Global
	GlobalSection(SolutionConfigurationPlatforms) = preSolution
		Debug|Any CPU = Debug|Any CPU
		Release|Any CPU = Release|Any CPU
	EndGlobalSection
	GlobalSection(ProjectConfigurationPlatforms) = postSolution
		{0AE286DA-9706-428F-931B-43A549BEB17C}.Debug|Any CPU.ActiveCfg = Debug|Any CPU
		{0AE286DA-9706-428F-931B-43A549BEB17C}.Debug|Any CPU.Build.0 = Debug|Any CPU
		{0AE286DA-9706-428F-931B-43A549BEB17C}.Release|Any CPU.ActiveCfg = Release|Any CPU
		{0AE286DA-9706-428F-931B-43A549BEB17C}.Release|Any CPU.Build.0 = Release|Any CPU
		{0552CE5A-EF68-487A-891F-B7CE2F78D6F4}.Debug|Any CPU.ActiveCfg = Debug|Any CPU
		{0552CE5A-EF68-487A-891F-B7CE2F78D6F4}.Debug|Any CPU.Build.0 = Debug|Any CPU
		{0552CE5A-EF68-487A-891F-B7CE2F78D6F4}.Release|Any CPU.ActiveCfg = Release|Any CPU
		{0552CE5A-EF68-487A-891F-B7CE2F78D6F4}.Release|Any CPU.Build.0 = Release|Any CPU
	EndGlobalSection
	GlobalSection(SolutionProperties) = preSolution
		HideSolutionNode = FALSE
	EndGlobalSection
	GlobalSection(ExtensibilityGlobals) = postSolution
		SolutionGuid = {53FB5E54-841E-4009-849C-F5072F850DCA}
	EndGlobalSection
EndGlobal
